
Microsoft Visual Studio Solution File, Format Version 12.00
# Visual Studio Version 16
VisualStudioVersion = 16.0.31105.61
MinimumVisualStudioVersion = 10.0.40219.1
Project("{FAE04EC0-301F-11D3-BF4B-00C04F79EFBC}") = "LongestSubstringWithoutRepeatingCharacters", "LongestSubstringWithoutRepeatingCharacters\LongestSubstringWithoutRepeatingCharacters.csproj", "{3EE26A0C-F928-4AA3-B3B8-C35222D13730}"
EndProject
Global
	GlobalSection(SolutionConfigurationPlatforms) = preSolution
		Debug|Any CPU = Debug|Any CPU
		Release|Any CPU = Release|Any CPU
	EndGlobalSection
	GlobalSection(ProjectConfigurationPlatforms) = postSolution
		{3EE26A0C-F928-4AA3-B3B8-C35222D13730}.Debug|Any CPU.ActiveCfg = Debug|Any CPU
		{3EE26A0C-F928-4AA3-B3B8-C35222D13730}.Debug|Any CPU.Build.0 = Debug|Any CPU
		{3EE26A0C-F928-4AA3-B3B8-C35222D13730}.Release|Any CPU.ActiveCfg = Release|Any CPU
		{3EE26A0C-F928-4AA3-B3B8-C35222D13730}.Release|Any CPU.Build.0 = Release|Any CPU
	EndGlobalSection
	GlobalSection(SolutionProperties) = preSolution
		HideSolutionNode = FALSE
	EndGlobalSection
	GlobalSection(ExtensibilityGlobals) = postSolution
		SolutionGuid = {44DDC99D-20A4-4FDC-9334-5700CB9CE82C}
	EndGlobalSection
EndGlobal
